
Microsoft Visual Studio Solution File, Format Version 12.00
# Visual Studio Version 16
VisualStudioVersion = 16.0.29215.179
MinimumVisualStudioVersion = 10.0.40219.1
Project("{FAE04EC0-301F-11D3-BF4B-00C04F79EFBC}") = "HairMaker_", "HairMaker_\HairMaker_.csproj", "{58A0CEF0-2BB1-4FF6-9ACD-156B3A233559}"
EndProject
Global
	GlobalSection(SolutionConfigurationPlatforms) = preSolution
		Debug|Any CPU = Debug|Any CPU
		Release|Any CPU = Release|Any CPU
	EndGlobalSection
	GlobalSection(ProjectConfigurationPlatforms) = postSolution
		{58A0CEF0-2BB1-4FF6-9ACD-156B3A233559}.Debug|Any CPU.ActiveCfg = Debug|Any CPU
		{58A0CEF0-2BB1-4FF6-9ACD-156B3A233559}.Debug|Any CPU.Build.0 = Debug|Any CPU
		{58A0CEF0-2BB1-4FF6-9ACD-156B3A233559}.Release|Any CPU.ActiveCfg = Release|Any CPU
		{58A0CEF0-2BB1-4FF6-9ACD-156B3A233559}.Release|Any CPU.Build.0 = Release|Any CPU
	EndGlobalSection
	GlobalSection(SolutionProperties) = preSolution
		HideSolutionNode = FALSE
	EndGlobalSection
	GlobalSection(ExtensibilityGlobals) = postSolution
		SolutionGuid = {0B3C1CF8-EABD-4B12-9996-D06D76AD6AB4}
	EndGlobalSection
EndGlobal
